Microsoft Visual Studio Solution File, Format Version 12.00
# Visual Studio Version 17
VisualStudioVersion = 17.5.2.0
MinimumVisualStudioVersion = 10.0.40219.1
Project("{FAE04EC0-301F-11D3-BF4B-00C04F79EFBC}") = "sistemaMedia", "sistemaMedia.csproj", "{2AA1A5BD-C74E-DC16-4D2B-BC7046E3D7FB}"
EndProject
Global
	GlobalSection(SolutionConfigurationPlatforms) = preSolution
		Debug|Any CPU = Debug|Any CPU
		Release|Any CPU = Release|Any CPU
	EndGlobalSection
	GlobalSection(ProjectConfigurationPlatforms) = postSolution
		{2AA1A5BD-C74E-DC16-4D2B-BC7046E3D7FB}.Debug|Any CPU.ActiveCfg = Debug|Any CPU
		{2AA1A5BD-C74E-DC16-4D2B-BC7046E3D7FB}.Debug|Any CPU.Build.0 = Debug|Any CPU
		{2AA1A5BD-C74E-DC16-4D2B-BC7046E3D7FB}.Release|Any CPU.ActiveCfg = Release|Any CPU
		{2AA1A5BD-C74E-DC16-4D2B-BC7046E3D7FB}.Release|Any CPU.Build.0 = Release|Any CPU
	EndGlobalSection
	GlobalSection(SolutionProperties) = preSolution
		HideSolutionNode = FALSE
	EndGlobalSection
	GlobalSection(ExtensibilityGlobals) = postSolution
		SolutionGuid = {C5A75596-B963-47A3-BBD5-69D45B14C8E2}
	EndGlobalSection
EndGlobal
